<?xml version="1.0" encoding="UTF-8" standalone="yes" ?>
<CodeBlocks_project_file>
	<FileVersion major="1" minor="6" />
	<Project>
		<Option title="EphenationClient" />
		<Option makefile="Makefile.mingw" />
		<Option makefile_is_custom="1" />
		<Option pch_mode="2" />
		<Option compiler="gcc" />
		<Build>
			<Target title="Debug">
				<Option output="ephenation" prefix_auto="1" extension_auto="1" />
				<Option object_output="obj/Debug/" />
				<Option type="1" />
				<Option compiler="gcc" />
				<Option parameters="--debug" />
				<Compiler>
					<Add option="-std=c++0x" />
					<Add option="-g" />
				</Compiler>
				<MakeCommands>
					<Build command="$make -f $makefile $target" />
					<CompileFile command="$make -f $makefile $file" />
					<Clean command="$make -f $makefile clean" />
					<DistClean command="$make -f $makefile distclean$target" />
					<AskRebuildNeeded command="$make -q -f $makefile $target" />
					<SilentBuild command="$make -f $makefile $target &gt; $(CMD_NULL)" />
				</MakeCommands>
			</Target>
			<Target title="Release">
				<Option output="bin/Release/EphenationClient" prefix_auto="1" extension_auto="1" />
				<Option object_output="obj/Release/" />
				<Option type="1" />
				<Option compiler="gcc" />
				<Compiler>
					<Add option="-O3" />
				</Compiler>
				<Linker>
					<Add option="-s" />
				</Linker>
				<MakeCommands>
					<Build command="$make -f $makefile $target" />
					<CompileFile command="$make -f $makefile $file" />
					<Clean command="$make -f $makefile clean" />
					<DistClean command="$make -f $makefile distclean$target" />
					<AskRebuildNeeded command="$make -q -f $makefile $target" />
					<SilentBuild command="$make -f $makefile $target &gt; $(CMD_NULL)" />
				</MakeCommands>
			</Target>
		</Build>
		<Compiler>
			<Add option="-Wall" />
			<Add option="-DWIN32 -DOV_EXCLUDE_STATIC_CALLBACKS" />
			<Add option="-DSTATIC_LIB" />
			<Add directory="C:/MinGW/msys/1.0/include" />
			<Add directory="contrib/win32/glfw-2.7.bin.WIN32/include" />
			<Add directory="contrib/win32/OpenAL/include" />
			<Add directory="contrib/win32/freealut-1.1.0-bin/include" />
			<Add directory="contrib/win32/tinyxml" />
			<Add directory="C:/MinGW/msys/1.0/local/include" />
			<Add directory="C:/MinGW/msys/1.0/bin/assimp/include" />
			<Add directory="contrib/win32/libRocket/include" />
			<Add directory="contrib/glm" />
			<Add directory="contrib/win32/assimp3/include" />
		</Compiler>
		<Linker>
			<Add library="contrib\win32\glfw-2.7.bin.WIN32\lib-mingw\libglfw.a" />
			<Add library="contrib\win32\freealut-1.1.0-bin\lib\alut.lib" />
			<Add library="contrib\win32\OpenAL\libs\Win32\OpenAL32.lib" />
			<Add library="glew32" />
			<Add library="glaux" />
			<Add library="opengl32" />
			<Add library="pthread" />
			<Add library="ogg" />
			<Add library="vorbis" />
			<Add library="libvorbisfile" />
			<Add library="Ws2_32" />
			<Add library="ole32" />
			<Add library="comctl32" />
			<Add library="user32" />
			<Add library="gdi32" />
			<Add library="uuid" />
			<Add library="comdlg32" />
			<Add library="contrib\win32\libRocket\libRocketCore.dll.a" />
			<Add library="contrib\win32\libRocket\libRocketControls.dll.a" />
			<Add library="contrib\win32\libRocket\libRocketDebugger.dll.a" />
			<Add library="contrib\win32\libRocket\libfreetype.dll.a" />
			<Add library="contrib\win32\assimp3\lib\libassimp.dll.a" />
			<Add library="contrib\win32\assimp3\lib\libzlib.a" />
			<Add directory="C:/MinGW/msys/1.0/lib" />
			<Add directory="C:/MinGW/msys/1.0/local/lib" />
			<Add directory="C:/MinGW/msys/1.0/bin/assimp/lib" />
		</Linker>
		<Unit filename="BuildingBlocks.cpp" />
		<Unit filename="BuildingBlocks.h" />
		<Unit filename="ChunkBlocks.cpp" />
		<Unit filename="ChunkBlocks.h" />
		<Unit filename="ChunkObject.cpp" />
		<Unit filename="ChunkObject.h" />
		<Unit filename="ChunkProcess.cpp" />
		<Unit filename="ChunkProcess.h" />
		<Unit filename="DrawText.cpp" />
		<Unit filename="DrawText.h" />
		<Unit filename="DrawTexture.cpp" />
		<Unit filename="DrawTexture.h" />
		<Unit filename="Ephenation.iss" />
		<Unit filename="HealthBar.cpp" />
		<Unit filename="HealthBar.h" />
		<Unit filename="Inventory.cpp" />
		<Unit filename="Inventory.h" />
		<Unit filename="Makefile.mingw" />
		<Unit filename="Map.cpp" />
		<Unit filename="Map.h" />
		<Unit filename="OculusRift.cpp" />
		<Unit filename="OculusRift.h" />
		<Unit filename="Options.cpp" />
		<Unit filename="Options.h" />
		<Unit filename="ScrollingMessages.cpp" />
		<Unit filename="ScrollingMessages.h" />
		<Unit filename="SoundControl.cpp" />
		<Unit filename="SoundControl.h" />
		<Unit filename="Splitter.h" />
		<Unit filename="SuperChunkManager.cpp" />
		<Unit filename="SuperChunkManager.h" />
		<Unit filename="TSExec.cpp" />
		<Unit filename="TSExec.h" />
		<Unit filename="Teleport.cpp" />
		<Unit filename="Teleport.h" />
		<Unit filename="UndoOp.cpp" />
		<Unit filename="UndoOp.h" />
		<Unit filename="animationmodels.cpp" />
		<Unit filename="animationmodels.h" />
		<Unit filename="assert.cpp" />
		<Unit filename="assert.h" />
		<Unit filename="billboard.cpp" />
		<Unit filename="billboard.h" />
		<Unit filename="chunk.cpp" />
		<Unit filename="chunk.h" />
		<Unit filename="chunkcache.cpp" />
		<Unit filename="chunkcache.h" />
		<Unit filename="client_prot.h" />
		<Unit filename="connection.cpp" />
		<Unit filename="connection.h" />
		<Unit filename="contrib/bstrlib.c">
			<Option compilerVar="CC" />
		</Unit>
		<Unit filename="contrib/bstrlib.h" />
		<Unit filename="contrib/glsw.c">
			<Option compilerVar="CC" />
		</Unit>
		<Unit filename="contrib/glsw.h" />
		<Unit filename="contrib/win32/tinyxml/tinystr.cpp" />
		<Unit filename="contrib/win32/tinyxml/tinyxml.cpp" />
		<Unit filename="contrib/win32/tinyxml/tinyxmlerror.cpp" />
		<Unit filename="contrib/win32/tinyxml/tinyxmlparser.cpp" />
		<Unit filename="crypt.cpp" />
		<Unit filename="crypt.h" />
		<Unit filename="dialogs/credits.rml" />
		<Unit filename="dialogs/ephenation.rcss" />
		<Unit filename="dialogs/help.rml" />
		<Unit filename="dialogs/messagedialog.rml" />
		<Unit filename="dialogs/popup.rcss" />
		<Unit filename="dialogs/topleveldialog.rml" />
		<Unit filename="dialogs/topoptions.rml" />
		<Unit filename="dialogs/userinterface.rml" />
		<Unit filename="ephenation.rc">
			<Option compilerVar="WINDRES" />
		</Unit>
		<Unit filename="errormanager.cpp" />
		<Unit filename="errormanager.h" />
		<Unit filename="fboflat.cpp" />
		<Unit filename="fboflat.h" />
		<Unit filename="gamedialog.cpp" />
		<Unit filename="gamedialog.h" />
		<Unit filename="imageloader.cpp" />
		<Unit filename="imageloader.h" />
		<Unit filename="main.cpp" />
		<Unit filename="manageanimation.cpp" />
		<Unit filename="manageanimation.h" />
		<Unit filename="modes.cpp" />
		<Unit filename="modes.h" />
		<Unit filename="monsters.cpp" />
		<Unit filename="monsters.h" />
		<Unit filename="msgwindow.cpp" />
		<Unit filename="msgwindow.h" />
		<Unit filename="mythread.h" />
		<Unit filename="object.h" />
		<Unit filename="otherplayers.cpp" />
		<Unit filename="otherplayers.h" />
		<Unit filename="parse.cpp" />
		<Unit filename="parse.h" />
		<Unit filename="player.cpp" />
		<Unit filename="player.h" />
		<Unit filename="primitives.cpp" />
		<Unit filename="primitives.h" />
		<Unit filename="render.cpp" />
		<Unit filename="render.h" />
		<Unit filename="rendercontrol.cpp" />
		<Unit filename="rendercontrol.h" />
		<Unit filename="shaders/AnimationShader.cpp" />
		<Unit filename="shaders/AnimationShader.h" />
		<Unit filename="shaders/ChunkShader.cpp" />
		<Unit filename="shaders/ChunkShader.h" />
		<Unit filename="shaders/ChunkShaderPicking.cpp" />
		<Unit filename="shaders/ChunkShaderPicking.h" />
		<Unit filename="shaders/ColorShader.cpp" />
		<Unit filename="shaders/ColorShader.h" />
		<Unit filename="shaders/DeferredLighting.cpp" />
		<Unit filename="shaders/DeferredLighting.h" />
		<Unit filename="shaders/MonsterShader.cpp" />
		<Unit filename="shaders/MonsterShader.h" />
		<Unit filename="shaders/SimpleTextureShader.cpp" />
		<Unit filename="shaders/SimpleTextureShader.h" />
		<Unit filename="shaders/StageOneShader.cpp" />
		<Unit filename="shaders/StageOneShader.h" />
		<Unit filename="shaders/TranspShader.cpp" />
		<Unit filename="shaders/TranspShader.h" />
		<Unit filename="shaders/adddynamicshadow.cpp" />
		<Unit filename="shaders/adddynamicshadow.h" />
		<Unit filename="shaders/addlocalfog.cpp" />
		<Unit filename="shaders/addlocalfog.h" />
		<Unit filename="shaders/addpointlight.cpp" />
		<Unit filename="shaders/addpointlight.h" />
		<Unit filename="shaders/addpointshadow.cpp" />
		<Unit filename="shaders/addpointshadow.glsl" />
		<Unit filename="shaders/addpointshadow.h" />
		<Unit filename="shaders/addssao.cpp" />
		<Unit filename="shaders/addssao.glsl" />
		<Unit filename="shaders/addssao.h" />
		<Unit filename="shaders/animationshader.glsl" />
		<Unit filename="shaders/chunkshader.glsl" />
		<Unit filename="shaders/chunkshaderpicking.glsl" />
		<Unit filename="shaders/colorshader.glsl" />
		<Unit filename="shaders/common.glsl" />
		<Unit filename="shaders/deferredlighting.glsl" />
		<Unit filename="shaders/downsmpllum.cpp" />
		<Unit filename="shaders/downsmpllum.glsl" />
		<Unit filename="shaders/downsmpllum.h" />
		<Unit filename="shaders/dynamicshadow.glsl" />
		<Unit filename="shaders/gaussblur.cpp" />
		<Unit filename="shaders/gaussblur.glsl" />
		<Unit filename="shaders/gaussblur.h" />
		<Unit filename="shaders/localfog.glsl" />
		<Unit filename="shaders/modulatedtexture.glsl" />
		<Unit filename="shaders/modulatedtextureshader.cpp" />
		<Unit filename="shaders/modulatedtextureshader.h" />
		<Unit filename="shaders/monster.glsl" />
		<Unit filename="shaders/pointlight.glsl" />
		<Unit filename="shaders/shader.cpp" />
		<Unit filename="shaders/shader.h" />
		<Unit filename="shaders/shadowmapshader.cpp" />
		<Unit filename="shaders/shadowmapshader.glsl" />
		<Unit filename="shaders/shadowmapshader.h" />
		<Unit filename="shaders/simpletexture.glsl" />
		<Unit filename="shaders/skybox.cpp" />
		<Unit filename="shaders/skybox.glsl" />
		<Unit filename="shaders/skybox.h" />
		<Unit filename="shaders/transparent.glsl" />
		<Unit filename="shadowrender.cpp" />
		<Unit filename="shadowrender.h" />
		<Unit filename="shapes/Cube.cpp" />
		<Unit filename="shapes/Cube.h" />
		<Unit filename="shapes/Cylinder.cpp" />
		<Unit filename="shapes/Cylinder.h" />
		<Unit filename="shapes/Tree.cpp" />
		<Unit filename="shapes/Tree.h" />
		<Unit filename="shapes/octagon.cpp" />
		<Unit filename="shapes/octagon.h" />
		<Unit filename="shapes/quad.cpp" />
		<Unit filename="shapes/quad.h" />
		<Unit filename="shapes/quadstage1.cpp" />
		<Unit filename="shapes/quadstage1.h" />
		<Unit filename="simplexnoise1234.cpp" />
		<Unit filename="simplexnoise1234.h" />
		<Unit filename="textures.cpp" />
		<Unit filename="textures.h" />
		<Unit filename="timemeasure.cpp" />
		<Unit filename="timemeasure.h" />
		<Unit filename="ui/Activator.cpp" />
		<Unit filename="ui/Activator.h" />
		<Unit filename="ui/Error.cpp" />
		<Unit filename="ui/Error.fl" />
		<Unit filename="ui/Error.h" />
		<Unit filename="ui/RocketGui.cpp" />
		<Unit filename="ui/RocketGui.h" />
		<Unit filename="ui/RocketRenderInterface.cpp" />
		<Unit filename="ui/RocketRenderInterface.h" />
		<Unit filename="ui/RocketSystemInterface.cpp" />
		<Unit filename="ui/RocketSystemInterface.h" />
		<Unit filename="ui/base.cpp" />
		<Unit filename="ui/base.h" />
		<Unit filename="ui/factory.cpp" />
		<Unit filename="ui/factory.h" />
		<Unit filename="ui/login.cpp" />
		<Unit filename="ui/login.h" />
		<Unit filename="ui/mainuserinterface.cpp" />
		<Unit filename="ui/mainuserinterface.h" />
		<Unit filename="ui/options.cpp" />
		<Unit filename="ui/options.h" />
		<Unit filename="ui/simple.cpp" />
		<Unit filename="ui/simple.h" />
		<Unit filename="uniformbuffer.cpp" />
		<Unit filename="uniformbuffer.h" />
		<Unit filename="vsfl/vsfl.cpp" />
		<Unit filename="vsfl/vsfl.h" />
		<Unit filename="worsttime.cpp" />
		<Unit filename="worsttime.h" />
		<Extensions>
			<code_completion />
			<envvars />
			<debugger>
				<remote_debugging target="Debug">
					<options conn_type="0" serial_baud="115200" additional_cmds_before="set args --debug --testuser" />
				</remote_debugging>
			</debugger>
			<DoxyBlocks>
				<comment_style block="2" line="2" />
				<doxyfile_project />
				<doxyfile_build />
				<doxyfile_warnings />
				<doxyfile_output />
				<doxyfile_dot />
				<general />
			</DoxyBlocks>
		</Extensions>
	</Project>
</CodeBlocks_project_file>
